
Microsoft Visual Studio Solution File, Format Version 12.00
# Visual Studio Version 17
VisualStudioVersion = 17.0.32126.317
MinimumVisualStudioVersion = 10.0.40219.1
Project("{FAE04EC0-301F-11D3-BF4B-00C04F79EFBC}") = "Homework", "Homework\Homework.csproj", "{459C4976-D970-45AB-A682-36BEB9EF21AE}"
EndProject
Project("{FAE04EC0-301F-11D3-BF4B-00C04F79EFBC}") = "StoreClasses", "StoreClasses\StoreClasses.csproj", "{AA476005-62EE-41BD-BC04-29E2035FD9A3}"
EndProject
Project("{FAE04EC0-301F-11D3-BF4B-00C04F79EFBC}") = "Lesson", "Lesson\Lesson.csproj", "{59789861-EDB9-4CF1-ACE1-C8A964A9CBA9}"
EndProject
Global
	GlobalSection(SolutionConfigurationPlatforms) = preSolution
		Debug|Any CPU = Debug|Any CPU
		Release|Any CPU = Release|Any CPU
	EndGlobalSection
	GlobalSection(ProjectConfigurationPlatforms) = postSolution
		{459C4976-D970-45AB-A682-36BEB9EF21AE}.Debug|Any CPU.ActiveCfg = Debug|Any CPU
		{459C4976-D970-45AB-A682-36BEB9EF21AE}.Debug|Any CPU.Build.0 = Debug|Any CPU
		{459C4976-D970-45AB-A682-36BEB9EF21AE}.Release|Any CPU.ActiveCfg = Release|Any CPU
		{459C4976-D970-45AB-A682-36BEB9EF21AE}.Release|Any CPU.Build.0 = Release|Any CPU
		{AA476005-62EE-41BD-BC04-29E2035FD9A3}.Debug|Any CPU.ActiveCfg = Debug|Any CPU
		{AA476005-62EE-41BD-BC04-29E2035FD9A3}.Debug|Any CPU.Build.0 = Debug|Any CPU
		{AA476005-62EE-41BD-BC04-29E2035FD9A3}.Release|Any CPU.ActiveCfg = Release|Any CPU
		{AA476005-62EE-41BD-BC04-29E2035FD9A3}.Release|Any CPU.Build.0 = Release|Any CPU
		{59789861-EDB9-4CF1-ACE1-C8A964A9CBA9}.Debug|Any CPU.ActiveCfg = Debug|Any CPU
		{59789861-EDB9-4CF1-ACE1-C8A964A9CBA9}.Debug|Any CPU.Build.0 = Debug|Any CPU
		{59789861-EDB9-4CF1-ACE1-C8A964A9CBA9}.Release|Any CPU.ActiveCfg = Release|Any CPU
		{59789861-EDB9-4CF1-ACE1-C8A964A9CBA9}.Release|Any CPU.Build.0 = Release|Any CPU
	EndGlobalSection
	GlobalSection(SolutionProperties) = preSolution
		HideSolutionNode = FALSE
	EndGlobalSection
	GlobalSection(ExtensibilityGlobals) = postSolution
		SolutionGuid = {A26DA0F5-6E59-4663-ACCD-96B841FD3A24}
	EndGlobalSection
EndGlobal
